
Microsoft Visual Studio Solution File, Format Version 12.00
# Visual Studio 15
VisualStudioVersion = 15.0.27004.2008
MinimumVisualStudioVersion = 10.0.40219.1
Project("{8BC9CEB8-8B4A-11D0-8D11-00A0C91BC942}") = "QuickSortCresc", "QuickSortCresc\QuickSortCresc.vcxproj", "{3B833ED3-8D7C-49FB-A717-033AE0627D61}"
EndProject
Global
	GlobalSection(SolutionConfigurationPlatforms) = preSolution
		Debug|x64 = Debug|x64
		Debug|x86 = Debug|x86
		Release|x64 = Release|x64
		Release|x86 = Release|x86
	EndGlobalSection
	GlobalSection(ProjectConfigurationPlatforms) = postSolution
		{3B833ED3-8D7C-49FB-A717-033AE0627D61}.Debug|x64.ActiveCfg = Debug|x64
		{3B833ED3-8D7C-49FB-A717-033AE0627D61}.Debug|x64.Build.0 = Debug|x64
		{3B833ED3-8D7C-49FB-A717-033AE0627D61}.Debug|x86.ActiveCfg = Debug|Win32
		{3B833ED3-8D7C-49FB-A717-033AE0627D61}.Debug|x86.Build.0 = Debug|Win32
		{3B833ED3-8D7C-49FB-A717-033AE0627D61}.Release|x64.ActiveCfg = Release|x64
		{3B833ED3-8D7C-49FB-A717-033AE0627D61}.Release|x64.Build.0 = Release|x64
		{3B833ED3-8D7C-49FB-A717-033AE0627D61}.Release|x86.ActiveCfg = Release|Win32
		{3B833ED3-8D7C-49FB-A717-033AE0627D61}.Release|x86.Build.0 = Release|Win32
	EndGlobalSection
	GlobalSection(SolutionProperties) = preSolution
		HideSolutionNode = FALSE
	EndGlobalSection
	GlobalSection(ExtensibilityGlobals) = postSolution
		SolutionGuid = {EBB58299-018B-4D68-B8DD-68848E2827C2}
	EndGlobalSection
EndGlobal
